
Microsoft Visual Studio Solution File, Format Version 12.00
# Visual Studio 14
VisualStudioVersion = 14.0.23107.0
MinimumVisualStudioVersion = 10.0.40219.1
Project("{FAE04EC0-301F-11D3-BF4B-00C04F79EFBC}") = "SAMP Weapon Code", "SAMP Weapon Code\SAMP Weapon Code.csproj", "{D85AEB37-5D5F-45C4-861A-9B2776BC33EF}"
EndProject
Global
	GlobalSection(SolutionConfigurationPlatforms) = preSolution
		Debug|Any CPU = Debug|Any CPU
		Release|Any CPU = Release|Any CPU
	EndGlobalSection
	GlobalSection(ProjectConfigurationPlatforms) = postSolution
		{D85AEB37-5D5F-45C4-861A-9B2776BC33EF}.Debug|Any CPU.ActiveCfg = Debug|Any CPU
		{D85AEB37-5D5F-45C4-861A-9B2776BC33EF}.Debug|Any CPU.Build.0 = Debug|Any CPU
		{D85AEB37-5D5F-45C4-861A-9B2776BC33EF}.Release|Any CPU.ActiveCfg = Release|Any CPU
		{D85AEB37-5D5F-45C4-861A-9B2776BC33EF}.Release|Any CPU.Build.0 = Release|Any CPU
	EndGlobalSection
	GlobalSection(SolutionProperties) = preSolution
		HideSolutionNode = FALSE
	EndGlobalSection
EndGlobal
